
Microsoft Visual Studio Solution File, Format Version 12.00
# Visual Studio Version 17
VisualStudioVersion = 17.0.31903.59
MinimumVisualStudioVersion = 10.0.40219.1
Project("{FAE04EC0-301F-11D3-BF4B-00C04F79EFBC}") = "StringLibrary", "StringLibrary\StringLibrary.csproj", "{CFF0AB87-7294-49E0-86C0-58BE897C010D}"
EndProject
Project("{FAE04EC0-301F-11D3-BF4B-00C04F79EFBC}") = "ShowCase", "ShowCase\ShowCase.csproj", "{546AC9DB-535F-4E86-95B1-3E8681B23C9A}"
EndProject
Project("{FAE04EC0-301F-11D3-BF4B-00C04F79EFBC}") = "StringLibraryTest", "StringLibraryTest\StringLibraryTest.csproj", "{2B1E5E84-0970-4A98-B116-9A911A026407}"
EndProject
Global
	GlobalSection(SolutionConfigurationPlatforms) = preSolution
		Debug|Any CPU = Debug|Any CPU
		Release|Any CPU = Release|Any CPU
	EndGlobalSection
	GlobalSection(SolutionProperties) = preSolution
		HideSolutionNode = FALSE
	EndGlobalSection
	GlobalSection(ProjectConfigurationPlatforms) = postSolution
		{CFF0AB87-7294-49E0-86C0-58BE897C010D}.Debug|Any CPU.ActiveCfg = Debug|Any CPU
		{CFF0AB87-7294-49E0-86C0-58BE897C010D}.Debug|Any CPU.Build.0 = Debug|Any CPU
		{CFF0AB87-7294-49E0-86C0-58BE897C010D}.Release|Any CPU.ActiveCfg = Release|Any CPU
		{CFF0AB87-7294-49E0-86C0-58BE897C010D}.Release|Any CPU.Build.0 = Release|Any CPU
		{546AC9DB-535F-4E86-95B1-3E8681B23C9A}.Debug|Any CPU.ActiveCfg = Debug|Any CPU
		{546AC9DB-535F-4E86-95B1-3E8681B23C9A}.Debug|Any CPU.Build.0 = Debug|Any CPU
		{546AC9DB-535F-4E86-95B1-3E8681B23C9A}.Release|Any CPU.ActiveCfg = Release|Any CPU
		{546AC9DB-535F-4E86-95B1-3E8681B23C9A}.Release|Any CPU.Build.0 = Release|Any CPU
		{2B1E5E84-0970-4A98-B116-9A911A026407}.Debug|Any CPU.ActiveCfg = Debug|Any CPU
		{2B1E5E84-0970-4A98-B116-9A911A026407}.Debug|Any CPU.Build.0 = Debug|Any CPU
		{2B1E5E84-0970-4A98-B116-9A911A026407}.Release|Any CPU.ActiveCfg = Release|Any CPU
		{2B1E5E84-0970-4A98-B116-9A911A026407}.Release|Any CPU.Build.0 = Release|Any CPU
	EndGlobalSection
EndGlobal
